// !$*UTF8*$!
{
	archiveVersion = 1;
	classes = {
	};
	objectVersion = 56;
	objects = {

/* Begin PBXBuildFile section */
		A817D5BB2BD13817000B921D /* GithubsessionProjrct222App.swift in Sources */ = {isa = PBXBuildFile; fileRef = A817D5BA2BD13817000B921D /* GithubsessionProjrct222App.swift */; };
		A817D5BD2BD13817000B921D /* ContentView.swift in Sources */ = {isa = PBXBuildFile; fileRef = A817D5BC2BD13817000B921D /* ContentView.swift */; };
		A817D5BF2BD13817000B921D /* Item.swift in Sources */ = {isa = PBXBuildFile; fileRef = A817D5BE2BD13817000B921D /* Item.swift */; };
		A817D5C12BD13818000B921D /* Assets.xcassets in Resources */ = {isa = PBXBuildFile; fileRef = A817D5C02BD13818000B921D /* Assets.xcassets */; };
		A817D5C42BD13818000B921D /* Preview Assets.xcassets in Resources */ = {isa = PBXBuildFile; fileRef = A817D5C32BD13818000B921D /* Preview Assets.xcassets */; };
		A817D5CE2BD13818000B921D /* GithubsessionProjrct222Tests.swift in Sources */ = {isa = PBXBuildFile; fileRef = A817D5CD2BD13818000B921D /* GithubsessionProjrct222Tests.swift */; };
		A817D5D82BD13818000B921D /* GithubsessionProjrct222UITests.swift in Sources */ = {isa = PBXBuildFile; fileRef = A817D5D72BD13818000B921D /* GithubsessionProjrct222UITests.swift */; };
		A817D5DA2BD13818000B921D /* GithubsessionProjrct222UITestsLaunchTests.swift in Sources */ = {isa = PBXBuildFile; fileRef = A817D5D92BD13818000B921D /* GithubsessionProjrct222UITestsLaunchTests.swift */; };
/* End PBXBuildFile section */

/* Begin PBXContainerItemProxy section */
		A817D5CA2BD13818000B921D /* PBXContainerItemProxy */ = {
			isa = PBXContainerItemProxy;
			containerPortal = A817D5AF2BD13816000B921D /* Project object */;
			proxyType = 1;
			remoteGlobalIDString = A817D5B62BD13817000B921D;
			remoteInfo = GithubsessionProjrct222;
		};
		A817D5D42BD13818000B921D /* PBXContainerItemProxy */ = {
			isa = PBXContainerItemProxy;
			containerPortal = A817D5AF2BD13816000B921D /* Project object */;
			proxyType = 1;
			remoteGlobalIDString = A817D5B62BD13817000B921D;
			remoteInfo = GithubsessionProjrct222;
		};
/* End PBXContainerItemProxy section */

/* Begin PBXFileReference section */
		A817D5B72BD13817000B921D /* GithubsessionProjrct222.app */ = {isa = PBXFileReference; explicitFileType = wrapper.application; includeInIndex = 0; path = GithubsessionProjrct222.app; sourceTree = BUILT_PRODUCTS_DIR; };
		A817D5BA2BD13817000B921D /* GithubsessionProjrct222App.swift */ = {isa = PBXFileReference; lastKnownFileType = sourcecode.swift; path = GithubsessionProjrct222App.swift; sourceTree = "<group>"; };
		A817D5BC2BD13817000B921D /* ContentView.swift */ = {isa = PBXFileReference; lastKnownFileType = sourcecode.swift; path = ContentView.swift; sourceTree = "<group>"; };
		A817D5BE2BD13817000B921D /* Item.swift */ = {isa = PBXFileReference; lastKnownFileType = sourcecode.swift; path = Item.swift; sourceTree = "<group>"; };
		A817D5C02BD13818000B921D /* Assets.xcassets */ = {isa = PBXFileReference; lastKnownFileType = folder.assetcatalog; path = Assets.xcassets; sourceTree = "<group>"; };
		A817D5C32BD13818000B921D /* Preview Assets.xcassets */ = {isa = PBXFileReference; lastKnownFileType = folder.assetcatalog; path = "Preview Assets.xcassets"; sourceTree = "<group>"; };
		A817D5C92BD13818000B921D /* GithubsessionProjrct222Tests.xctest */ = {isa = PBXFileReference; explicitFileType = wrapper.cfbundle; includeInIndex = 0; path = GithubsessionProjrct222Tests.xctest; sourceTree = BUILT_PRODUCTS_DIR; };
		A817D5CD2BD13818000B921D /* GithubsessionProjrct222Tests.swift */ = {isa = PBXFileReference; lastKnownFileType = sourcecode.swift; path = GithubsessionProjrct222Tests.swift; sourceTree = "<group>"; };
		A817D5D32BD13818000B921D /* GithubsessionProjrct222UITests.xctest */ = {isa = PBXFileReference; explicitFileType = wrapper.cfbundle; includeInIndex = 0; path = GithubsessionProjrct222UITests.xctest; sourceTree = BUILT_PRODUCTS_DIR; };
		A817D5D72BD13818000B921D /* GithubsessionProjrct222UITests.swift */ = {isa = PBXFileReference; lastKnownFileType = sourcecode.swift; path = GithubsessionProjrct222UITests.swift; sourceTree = "<group>"; };
		A817D5D92BD13818000B921D /* GithubsessionProjrct222UITestsLaunchTests.swift */ = {isa = PBXFileReference; lastKnownFileType = sourcecode.swift; path = GithubsessionProjrct222UITestsLaunchTests.swift; sourceTree = "<group>"; };
/* End PBXFileReference section */

/* Begin PBXFrameworksBuildPhase section */
		A817D5B42BD13817000B921D /* Frameworks */ = {
			isa = PBXFrameworksBuildPhase;
			buildActionMask = 2147483647;
			files = (
			);
			runOnlyForDeploymentPostprocessing = 0;
		};
		A817D5C62BD13818000B921D /* Frameworks */ = {
			isa = PBXFrameworksBuildPhase;
			buildActionMask = 2147483647;
			files = (
			);
			runOnlyForDeploymentPostprocessing = 0;
		};
		A817D5D02BD13818000B921D /* Frameworks */ = {
			isa = PBXFrameworksBuildPhase;
			buildActionMask = 2147483647;
			files = (
			);
			runOnlyForDeploymentPostprocessing = 0;
		};
/* End PBXFrameworksBuildPhase section */

/* Begin PBXGroup section */
		A817D5AE2BD13816000B921D = {
			isa = PBXGroup;
			children = (
				A817D5B92BD13817000B921D /* GithubsessionProjrct222 */,
				A817D5CC2BD13818000B921D /* GithubsessionProjrct222Tests */,
				A817D5D62BD13818000B921D /* GithubsessionProjrct222UITests */,
				A817D5B82BD13817000B921D /* Products */,
			);
			sourceTree = "<group>";
		};
		A817D5B82BD13817000B921D /* Products */ = {
			isa = PBXGroup;
			children = (
				A817D5B72BD13817000B921D /* GithubsessionProjrct222.app */,
				A817D5C92BD13818000B921D /* GithubsessionProjrct222Tests.xctest */,
				A817D5D32BD13818000B921D /* GithubsessionProjrct222UITests.xctest */,
			);
			name = Products;
			sourceTree = "<group>";
		};
		A817D5B92BD13817000B921D /* GithubsessionProjrct222 */ = {
			isa = PBXGroup;
			children = (
				A817D5BA2BD13817000B921D /* GithubsessionProjrct222App.swift */,
				A817D5BC2BD13817000B921D /* ContentView.swift */,
				A817D5BE2BD13817000B921D /* Item.swift */,
				A817D5C02BD13818000B921D /* Assets.xcassets */,
				A817D5C22BD13818000B921D /* Preview Content */,
			);
			path = GithubsessionProjrct222;
			sourceTree = "<group>";
		};
		A817D5C22BD13818000B921D /* Preview Content */ = {
			isa = PBXGroup;
			children = (
				A817D5C32BD13818000B921D /* Preview Assets.xcassets */,
			);
			path = "Preview Content";
			sourceTree = "<group>";
		};
		A817D5CC2BD13818000B921D /* GithubsessionProjrct222Tests */ = {
			isa = PBXGroup;
			children = (
				A817D5CD2BD13818000B921D /* GithubsessionProjrct222Tests.swift */,
			);
			path = GithubsessionProjrct222Tests;
			sourceTree = "<group>";
		};
		A817D5D62BD13818000B921D /* GithubsessionProjrct222UITests */ = {
			isa = PBXGroup;
			children = (
				A817D5D72BD13818000B921D /* GithubsessionProjrct222UITests.swift */,
				A817D5D92BD13818000B921D /* GithubsessionProjrct222UITestsLaunchTests.swift */,
			);
			path = GithubsessionProjrct222UITests;
			sourceTree = "<group>";
		};
/* End PBXGroup section */

/* Begin PBXNativeTarget section */
		A817D5B62BD13817000B921D /* GithubsessionProjrct222 */ = {
			isa = PBXNativeTarget;
			buildConfigurationList = A817D5DD2BD13818000B921D /* Build configuration list for PBXNativeTarget "GithubsessionProjrct222" */;
			buildPhases = (
				A817D5B32BD13817000B921D /* Sources */,
				A817D5B42BD13817000B921D /* Frameworks */,
				A817D5B52BD13817000B921D /* Resources */,
			);
			buildRules = (
			);
			dependencies = (
			);
			name = GithubsessionProjrct222;
			productName = GithubsessionProjrct222;
			productReference = A817D5B72BD13817000B921D /* GithubsessionProjrct222.app */;
			productType = "com.apple.product-type.application";
		};
		A817D5C82BD13818000B921D /* GithubsessionProjrct222Tests */ = {
			isa = PBXNativeTarget;
			buildConfigurationList = A817D5E02BD13818000B921D /* Build configuration list for PBXNativeTarget "GithubsessionProjrct222Tests" */;
			buildPhases = (
				A817D5C52BD13818000B921D /* Sources */,
				A817D5C62BD13818000B921D /* Frameworks */,
				A817D5C72BD13818000B921D /* Resources */,
			);
			buildRules = (
			);
			dependencies = (
				A817D5CB2BD13818000B921D /* PBXTargetDependency */,
			);
			name = GithubsessionProjrct222Tests;
			productName = GithubsessionProjrct222Tests;
			productReference = A817D5C92BD13818000B921D /* GithubsessionProjrct222Tests.xctest */;
			productType = "com.apple.product-type.bundle.unit-test";
		};
		A817D5D22BD13818000B921D /* GithubsessionProjrct222UITests */ = {
			isa = PBXNativeTarget;
			buildConfigurationList = A817D5E32BD13818000B921D /* Build configuration list for PBXNativeTarget "GithubsessionProjrct222UITests" */;
			buildPhases = (
				A817D5CF2BD13818000B921D /* Sources */,
				A817D5D02BD13818000B921D /* Frameworks */,
				A817D5D12BD13818000B921D /* Resources */,
			);
			buildRules = (
			);
			dependencies = (
				A817D5D52BD13818000B921D /* PBXTargetDependency */,
			);
			name = GithubsessionProjrct222UITests;
			productName = GithubsessionProjrct222UITests;
			productReference = A817D5D32BD13818000B921D /* GithubsessionProjrct222UITests.xctest */;
			productType = "com.apple.product-type.bundle.ui-testing";
		};
/* End PBXNativeTarget section */

/* Begin PBXProject section */
		A817D5AF2BD13816000B921D /* Project object */ = {
			isa = PBXProject;
			attributes = {
				BuildIndependentTargetsInParallel = 1;
				LastSwiftUpdateCheck = 1530;
				LastUpgradeCheck = 1530;
				TargetAttributes = {
					A817D5B62BD13817000B921D = {
						CreatedOnToolsVersion = 15.3;
					};
					A817D5C82BD13818000B921D = {
						CreatedOnToolsVersion = 15.3;
						TestTargetID = A817D5B62BD13817000B921D;
					};
					A817D5D22BD13818000B921D = {
						CreatedOnToolsVersion = 15.3;
						TestTargetID = A817D5B62BD13817000B921D;
					};
				};
			};
			buildConfigurationList = A817D5B22BD13816000B921D /* Build configuration list for PBXProject "GithubsessionProjrct222" */;
			compatibilityVersion = "Xcode 14.0";
			developmentRegion = en;
			hasScannedForEncodings = 0;
			knownRegions = (
				en,
				Base,
			);
			mainGroup = A817D5AE2BD13816000B921D;
			productRefGroup = A817D5B82BD13817000B921D /* Products */;
			projectDirPath = "";
			projectRoot = "";
			targets = (
				A817D5B62BD13817000B921D /* GithubsessionProjrct222 */,
				A817D5C82BD13818000B921D /* GithubsessionProjrct222Tests */,
				A817D5D22BD13818000B921D /* GithubsessionProjrct222UITests */,
			);
		};
/* End PBXProject section */

/* Begin PBXResourcesBuildPhase section */
		A817D5B52BD13817000B921D /* Resources */ = {
			isa = PBXResourcesBuildPhase;
			buildActionMask = 2147483647;
			files = (
				A817D5C42BD13818000B921D /* Preview Assets.xcassets in Resources */,
				A817D5C12BD13818000B921D /* Assets.xcassets in Resources */,
			);
			runOnlyForDeploymentPostprocessing = 0;
		};
		A817D5C72BD13818000B921D /* Resources */ = {
			isa = PBXResourcesBuildPhase;
			buildActionMask = 2147483647;
			files = (
			);
			runOnlyForDeploymentPostprocessing = 0;
		};
		A817D5D12BD13818000B921D /* Resources */ = {
			isa = PBXResourcesBuildPhase;
			buildActionMask = 2147483647;
			files = (
			);
			runOnlyForDeploymentPostprocessing = 0;
		};
/* End PBXResourcesBuildPhase section */

/* Begin PBXSourcesBuildPhase section */
		A817D5B32BD13817000B921D /* Sources */ = {
			isa = PBXSourcesBuildPhase;
			buildActionMask = 2147483647;
			files = (
				A817D5BD2BD13817000B921D /* ContentView.swift in Sources */,
				A817D5BF2BD13817000B921D /* Item.swift in Sources */,
				A817D5BB2BD13817000B921D /* GithubsessionProjrct222App.swift in Sources */,
			);
			runOnlyForDeploymentPostprocessing = 0;
		};
		A817D5C52BD13818000B921D /* Sources */ = {
			isa = PBXSourcesBuildPhase;
			buildActionMask = 2147483647;
			files = (
				A817D5CE2BD13818000B921D /* GithubsessionProjrct222Tests.swift in Sources */,
			);
			runOnlyForDeploymentPostprocessing = 0;
		};
		A817D5CF2BD13818000B921D /* Sources */ = {
			isa = PBXSourcesBuildPhase;
			buildActionMask = 2147483647;
			files = (
				A817D5DA2BD13818000B921D /* GithubsessionProjrct222UITestsLaunchTests.swift in Sources */,
				A817D5D82BD13818000B921D /* GithubsessionProjrct222UITests.swift in Sources */,
			);
			runOnlyForDeploymentPostprocessing = 0;
		};
/* End PBXSourcesBuildPhase section */

/* Begin PBXTargetDependency section */
		A817D5CB2BD13818000B921D /* PBXTargetDependency */ = {
			isa = PBXTargetDependency;
			target = A817D5B62BD13817000B921D /* GithubsessionProjrct222 */;
			targetProxy = A817D5CA2BD13818000B921D /* PBXContainerItemProxy */;
		};
		A817D5D52BD13818000B921D /* PBXTargetDependency */ = {
			isa = PBXTargetDependency;
			target = A817D5B62BD13817000B921D /* GithubsessionProjrct222 */;
			targetProxy = A817D5D42BD13818000B921D /* PBXContainerItemProxy */;
		};
/* End PBXTargetDependency section */

/* Begin XCBuildConfiguration section */
		A817D5DB2BD13818000B921D /* Debug */ = {
			isa = XCBuildConfiguration;
			buildSettings = {
				ALWAYS_SEARCH_USER_PATHS = NO;
				ASSETCATALOG_COMPILER_GENERATE_SWIFT_ASSET_SYMBOL_EXTENSIONS = YES;
				CLANG_ANALYZER_NONNULL = YES;
				CLANG_ANALYZER_NUMBER_OBJECT_CONVERSION = YES_AGGRESSIVE;
				CLANG_CXX_LANGUAGE_STANDARD = "gnu++20";
				CLANG_ENABLE_MODULES = YES;
				CLANG_ENABLE_OBJC_ARC = YES;
				CLANG_ENABLE_OBJC_WEAK = YES;
				CLANG_WARN_BLOCK_CAPTURE_AUTORELEASING = YES;
				CLANG_WARN_BOOL_CONVERSION = YES;
				CLANG_WARN_COMMA = YES;
				CLANG_WARN_CONSTANT_CONVERSION = YES;
				CLANG_WARN_DEPRECATED_OBJC_IMPLEMENTATIONS = YES;
				CLANG_WARN_DIRECT_OBJC_ISA_USAGE = YES_ERROR;
				CLANG_WARN_DOCUMENTATION_COMMENTS = YES;
				CLANG_WARN_EMPTY_BODY = YES;
				CLANG_WARN_ENUM_CONVERSION = YES;
				CLANG_WARN_INFINITE_RECURSION = YES;
				CLANG_WARN_INT_CONVERSION = YES;
				CLANG_WARN_NON_LITERAL_NULL_CONVERSION = YES;
				CLANG_WARN_OBJC_IMPLICIT_RETAIN_SELF = YES;
				CLANG_WARN_OBJC_LITERAL_CONVERSION = YES;
				CLANG_WARN_OBJC_ROOT_CLASS = YES_ERROR;
				CLANG_WARN_QUOTED_INCLUDE_IN_FRAMEWORK_HEADER = YES;
				CLANG_WARN_RANGE_LOOP_ANALYSIS = YES;
				CLANG_WARN_STRICT_PROTOTYPES = YES;
				CLANG_WARN_SUSPICIOUS_MOVE = YES;
				CLANG_WARN_UNGUARDED_AVAILABILITY = YES_AGGRESSIVE;
				CLANG_WARN_UNREACHABLE_CODE = YES;
				CLANG_WARN__DUPLICATE_METHOD_MATCH = YES;
				COPY_PHASE_STRIP = NO;
				DEBUG_INFORMATION_FORMAT = dwarf;
				ENABLE_STRICT_OBJC_MSGSEND = YES;
				ENABLE_TESTABILITY = YES;
				ENABLE_USER_SCRIPT_SANDBOXING = YES;
				GCC_C_LANGUAGE_STANDARD = gnu17;
				GCC_DYNAMIC_NO_PIC = NO;
				GCC_NO_COMMON_BLOCKS = YES;
				GCC_OPTIMIZATION_LEVEL = 0;
				GCC_PREPROCESSOR_DEFINITIONS = (
					"DEBUG=1",
					"$(inherited)",
				);
				GCC_WARN_64_TO_32_BIT_CONVERSION = YES;
				GCC_WARN_ABOUT_RETURN_TYPE = YES_ERROR;
				GCC_WARN_UNDECLARED_SELECTOR = YES;
				GCC_WARN_UNINITIALIZED_AUTOS = YES_AGGRESSIVE;
				GCC_WARN_UNUSED_FUNCTION = YES;
				GCC_WARN_UNUSED_VARIABLE = YES;
				IPHONEOS_DEPLOYMENT_TARGET = 17.4;
				LOCALIZATION_PREFERS_STRING_CATALOGS = YES;
				MTL_ENABLE_DEBUG_INFO = INCLUDE_SOURCE;
				MTL_FAST_MATH = YES;
				ONLY_ACTIVE_ARCH = YES;
				SDKROOT = iphoneos;
				SWIFT_ACTIVE_COMPILATION_CONDITIONS = "DEBUG $(inherited)";
				SWIFT_OPTIMIZATION_LEVEL = "-Onone";
			};
			name = Debug;
		};
		A817D5DC2BD13818000B921D /* Release */ = {
			isa = XCBuildConfiguration;
			buildSettings = {
				ALWAYS_SEARCH_USER_PATHS = NO;
				ASSETCATALOG_COMPILER_GENERATE_SWIFT_ASSET_SYMBOL_EXTENSIONS = YES;
				CLANG_ANALYZER_NONNULL = YES;
				CLANG_ANALYZER_NUMBER_OBJECT_CONVERSION = YES_AGGRESSIVE;
				CLANG_CXX_LANGUAGE_STANDARD = "gnu++20";
				CLANG_ENABLE_MODULES = YES;
				CLANG_ENABLE_OBJC_ARC = YES;
				CLANG_ENABLE_OBJC_WEAK = YES;
				CLANG_WARN_BLOCK_CAPTURE_AUTORELEASING = YES;
				CLANG_WARN_BOOL_CONVERSION = YES;
				CLANG_WARN_COMMA = YES;
				CLANG_WARN_CONSTANT_CONVERSION = YES;
				CLANG_WARN_DEPRECATED_OBJC_IMPLEMENTATIONS = YES;
				CLANG_WARN_DIRECT_OBJC_ISA_USAGE = YES_ERROR;
				CLANG_WARN_DOCUMENTATION_COMMENTS = YES;
				CLANG_WARN_EMPTY_BODY = YES;
				CLANG_WARN_ENUM_CONVERSION = YES;
				CLANG_WARN_INFINITE_RECURSION = YES;
				CLANG_WARN_INT_CONVERSION = YES;
				CLANG_WARN_NON_LITERAL_NULL_CONVERSION = YES;
				CLANG_WARN_OBJC_IMPLICIT_RETAIN_SELF = YES;
				CLANG_WARN_OBJC_LITERAL_CONVERSION = YES;
				CLANG_WARN_OBJC_ROOT_CLASS = YES_ERROR;
				CLANG_WARN_QUOTED_INCLUDE_IN_FRAMEWORK_HEADER = YES;
				CLANG_WARN_RANGE_LOOP_ANALYSIS = YES;
				CLANG_WARN_STRICT_PROTOTYPES = YES;
				CLANG_WARN_SUSPICIOUS_MOVE = YES;
				CLANG_WARN_UNGUARDED_AVAILABILITY = YES_AGGRESSIVE;
				CLANG_WARN_UNREACHABLE_CODE = YES;
				CLANG_WARN__DUPLICATE_METHOD_MATCH = YES;
				COPY_PHASE_STRIP = NO;
				DEBUG_INFORMATION_FORMAT = "dwarf-with-dsym";
				ENABLE_NS_ASSERTIONS = NO;
				ENABLE_STRICT_OBJC_MSGSEND = YES;
				ENABLE_USER_SCRIPT_SANDBOXING = YES;
				GCC_C_LANGUAGE_STANDARD = gnu17;
				GCC_NO_COMMON_BLOCKS = YES;
				GCC_WARN_64_TO_32_BIT_CONVERSION = YES;
				GCC_WARN_ABOUT_RETURN_TYPE = YES_ERROR;
				GCC_WARN_UNDECLARED_SELECTOR = YES;
				GCC_WARN_UNINITIALIZED_AUTOS = YES_AGGRESSIVE;
				GCC_WARN_UNUSED_FUNCTION = YES;
				GCC_WARN_UNUSED_VARIABLE = YES;
				IPHONEOS_DEPLOYMENT_TARGET = 17.4;
				LOCALIZATION_PREFERS_STRING_CATALOGS = YES;
				MTL_ENABLE_DEBUG_INFO = NO;
				MTL_FAST_MATH = YES;
				SDKROOT = iphoneos;
				SWIFT_COMPILATION_MODE = wholemodule;
				VALIDATE_PRODUCT = YES;
			};
			name = Release;
		};
		A817D5DE2BD13818000B921D /* Debug */ = {
			isa = XCBuildConfiguration;
			buildSettings = {
				ASSETCATALOG_COMPILER_APPICON_NAME = AppIcon;
				ASSETCATALOG_COMPILER_GLOBAL_ACCENT_COLOR_NAME = AccentColor;
				CODE_SIGN_STYLE = Automatic;
				CURRENT_PROJECT_VERSION = 1;
				DEVELOPMENT_ASSET_PATHS = "\"GithubsessionProjrct222/Preview Content\"";
				ENABLE_PREVIEWS = YES;
				GENERATE_INFOPLIST_FILE = YES;
				INFOPLIST_KEY_UIApplicationSceneManifest_Generation = YES;
				INFOPLIST_KEY_UIApplicationSupportsIndirectInputEvents = YES;
				INFOPLIST_KEY_UILaunchScreen_Generation = YES;
				INFOPLIST_KEY_UISupportedInterfaceOrientations_iPad = "UIInterfaceOrientationPortrait UIInterfaceOrientationPortraitUpsideDown UIInterfaceOrientationLandscapeLeft UIInterfaceOrientationLandscapeRight";
				INFOPLIST_KEY_UISupportedInterfaceOrientations_iPhone = "UIInterfaceOrientationPortrait UIInterfaceOrientationLandscapeLeft UIInterfaceOrientationLandscapeRight";
				LD_RUNPATH_SEARCH_PATHS = (
					"$(inherited)",
					"@executable_path/Frameworks",
				);
				MARKETING_VERSION = 1.0;
				PRODUCT_BUNDLE_IDENTIFIER = Evelyn.GithubsessionProjrct222;
				PRODUCT_NAME = "$(TARGET_NAME)";
				SWIFT_EMIT_LOC_STRINGS = YES;
				SWIFT_VERSION = 5.0;
				TARGETED_DEVICE_FAMILY = "1,2";
			};
			name = Debug;
		};
		A817D5DF2BD13818000B921D /* Release */ = {
			isa = XCBuildConfiguration;
			buildSettings = {
				ASSETCATALOG_COMPILER_APPICON_NAME = AppIcon;
				ASSETCATALOG_COMPILER_GLOBAL_ACCENT_COLOR_NAME = AccentColor;
				CODE_SIGN_STYLE = Automatic;
				CURRENT_PROJECT_VERSION = 1;
				DEVELOPMENT_ASSET_PATHS = "\"GithubsessionProjrct222/Preview Content\"";
				ENABLE_PREVIEWS = YES;
				GENERATE_INFOPLIST_FILE = YES;
				INFOPLIST_KEY_UIApplicationSceneManifest_Generation = YES;
				INFOPLIST_KEY_UIApplicationSupportsIndirectInputEvents = YES;
				INFOPLIST_KEY_UILaunchScreen_Generation = YES;
				INFOPLIST_KEY_UISupportedInterfaceOrientations_iPad = "UIInterfaceOrientationPortrait UIInterfaceOrientationPortraitUpsideDown UIInterfaceOrientationLandscapeLeft UIInterfaceOrientationLandscapeRight";
				INFOPLIST_KEY_UISupportedInterfaceOrientations_iPhone = "UIInterfaceOrientationPortrait UIInterfaceOrientationLandscapeLeft UIInterfaceOrientationLandscapeRight";
				LD_RUNPATH_SEARCH_PATHS = (
					"$(inherited)",
					"@executable_path/Frameworks",
				);
				MARKETING_VERSION = 1.0;
				PRODUCT_BUNDLE_IDENTIFIER = Evelyn.GithubsessionProjrct222;
				PRODUCT_NAME = "$(TARGET_NAME)";
				SWIFT_EMIT_LOC_STRINGS = YES;
				SWIFT_VERSION = 5.0;
				TARGETED_DEVICE_FAMILY = "1,2";
			};
			name = Release;
		};
		A817D5E12BD13818000B921D /* Debug */ = {
			isa = XCBuildConfiguration;
			buildSettings = {
				ALWAYS_EMBED_SWIFT_STANDARD_LIBRARIES = YES;
				BUNDLE_LOADER = "$(TEST_HOST)";
				CODE_SIGN_STYLE = Automatic;
				CURRENT_PROJECT_VERSION = 1;
				GENERATE_INFOPLIST_FILE = YES;
				IPHONEOS_DEPLOYMENT_TARGET = 17.4;
				MARKETING_VERSION = 1.0;
				PRODUCT_BUNDLE_IDENTIFIER = Evelyn.GithubsessionProjrct222Tests;
				PRODUCT_NAME = "$(TARGET_NAME)";
				SWIFT_EMIT_LOC_STRINGS = NO;
				SWIFT_VERSION = 5.0;
				TARGETED_DEVICE_FAMILY = "1,2";
				TEST_HOST = "$(BUILT_PRODUCTS_DIR)/GithubsessionProjrct222.app/$(BUNDLE_EXECUTABLE_FOLDER_PATH)/GithubsessionProjrct222";
			};
			name = Debug;
		};
		A817D5E22BD13818000B921D /* Release */ = {
			isa = XCBuildConfiguration;
			buildSettings = {
				ALWAYS_EMBED_SWIFT_STANDARD_LIBRARIES = YES;
				BUNDLE_LOADER = "$(TEST_HOST)";
				CODE_SIGN_STYLE = Automatic;
				CURRENT_PROJECT_VERSION = 1;
				GENERATE_INFOPLIST_FILE = YES;
				IPHONEOS_DEPLOYMENT_TARGET = 17.4;
				MARKETING_VERSION = 1.0;
				PRODUCT_BUNDLE_IDENTIFIER = Evelyn.GithubsessionProjrct222Tests;
				PRODUCT_NAME = "$(TARGET_NAME)";
				SWIFT_EMIT_LOC_STRINGS = NO;
				SWIFT_VERSION = 5.0;
				TARGETED_DEVICE_FAMILY = "1,2";
				TEST_HOST = "$(BUILT_PRODUCTS_DIR)/GithubsessionProjrct222.app/$(BUNDLE_EXECUTABLE_FOLDER_PATH)/GithubsessionProjrct222";
			};
			name = Release;
		};
		A817D5E42BD13818000B921D /* Debug */ = {
			isa = XCBuildConfiguration;
			buildSettings = {
				ALWAYS_EMBED_SWIFT_STANDARD_LIBRARIES = YES;
				CODE_SIGN_STYLE = Automatic;
				CURRENT_PROJECT_VERSION = 1;
				GENERATE_INFOPLIST_FILE = YES;
				MARKETING_VERSION = 1.0;
				PRODUCT_BUNDLE_IDENTIFIER = Evelyn.GithubsessionProjrct222UITests;
				PRODUCT_NAME = "$(TARGET_NAME)";
				SWIFT_EMIT_LOC_STRINGS = NO;
				SWIFT_VERSION = 5.0;
				TARGETED_DEVICE_FAMILY = "1,2";
				TEST_TARGET_NAME = GithubsessionProjrct222;
			};
			name = Debug;
		};
		A817D5E52BD13818000B921D /* Release */ = {
			isa = XCBuildConfiguration;
			buildSettings = {
				ALWAYS_EMBED_SWIFT_STANDARD_LIBRARIES = YES;
				CODE_SIGN_STYLE = Automatic;
				CURRENT_PROJECT_VERSION = 1;
				GENERATE_INFOPLIST_FILE = YES;
				MARKETING_VERSION = 1.0;
				PRODUCT_BUNDLE_IDENTIFIER = Evelyn.GithubsessionProjrct222UITests;
				PRODUCT_NAME = "$(TARGET_NAME)";
				SWIFT_EMIT_LOC_STRINGS = NO;
				SWIFT_VERSION = 5.0;
				TARGETED_DEVICE_FAMILY = "1,2";
				TEST_TARGET_NAME = GithubsessionProjrct222;
			};
			name = Release;
		};
/* End XCBuildConfiguration section */

/* Begin XCConfigurationList section */
		A817D5B22BD13816000B921D /* Build configuration list for PBXProject "GithubsessionProjrct222" */ = {
			isa = XCConfigurationList;
			buildConfigurations = (
				A817D5DB2BD13818000B921D /* Debug */,
				A817D5DC2BD13818000B921D /* Release */,
			);
			defaultConfigurationIsVisible = 0;
			defaultConfigurationName = Release;
		};
		A817D5DD2BD13818000B921D /* Build configuration list for PBXNativeTarget "GithubsessionProjrct222" */ = {
			isa = XCConfigurationList;
			buildConfigurations = (
				A817D5DE2BD13818000B921D /* Debug */,
				A817D5DF2BD13818000B921D /* Release */,
			);
			defaultConfigurationIsVisible = 0;
			defaultConfigurationName = Release;
		};
		A817D5E02BD13818000B921D /* Build configuration list for PBXNativeTarget "GithubsessionProjrct222Tests" */ = {
			isa = XCConfigurationList;
			buildConfigurations = (
				A817D5E12BD13818000B921D /* Debug */,
				A817D5E22BD13818000B921D /* Release */,
			);
			defaultConfigurationIsVisible = 0;
			defaultConfigurationName = Release;
		};
		A817D5E32BD13818000B921D /* Build configuration list for PBXNativeTarget "GithubsessionProjrct222UITests" */ = {
			isa = XCConfigurationList;
			buildConfigurations = (
				A817D5E42BD13818000B921D /* Debug */,
				A817D5E52BD13818000B921D /* Release */,
			);
			defaultConfigurationIsVisible = 0;
			defaultConfigurationName = Release;
		};
/* End XCConfigurationList section */
	};
	rootObject = A817D5AF2BD13816000B921D /* Project object */;
}
